<Solution>
  <Folder Name="/build/">
    <Project Path="build/build.csproj" />
  </Folder>
  <Folder Name="/src/">
    <Project Path="src/AI.Client.Application/AI.Client.Application.csproj" />
    <Project Path="src/AI.Client.Cli/AI.Client.Cli.csproj" />
    <Project Path="src/AI.Client.Contracts/AI.Client.Contracts.csproj" />
    <Project Path="src/AI.Client.Domain/AI.Client.Domain.csproj" />
    <Project Path="src/AI.Client.Host/AI.Client.Host.csproj" />
    <Project Path="src/AI.Client.Infrastructure/AI.Client.Infrastructure.csproj" />
    <Project Path="src/AI.Client.Mcp.FileSystem/AI.Client.Mcp.FileSystem.csproj" />
    <Project Path="src/AI.Client.Mcp.History/AI.Client.Mcp.History.csproj" />
    <Project Path="src/AI.Client.Web/AI.Client.Web.csproj" />
  </Folder>
  <Folder Name="/tests/">
    <Project Path="tests/AI.Client.Web.Tests/AI.Client.Web.Tests.csproj" />
    <Project Path="tests/AI.Client.Application.Tests/AI.Client.Application.Tests.csproj" />
    <Project Path="tests/AI.Client.Domain.Tests/AI.Client.Domain.Tests.csproj" />
    <Project Path="tests/AI.Client.Infrastructure.Tests/AI.Client.Infrastructure.Tests.csproj" />
  </Folder>
</Solution>
