<Solution>
  <Folder Name="/build/">
    <Project Path="build/build.csproj" />
  </Folder>
  <Folder Name="/src/">
    <Project Path="src/AI.Client.Contracts/AI.Client.Contracts.csproj" />
    <Project Path="src/AI.Client.Host/AI.Client.Host.csproj" />
    <Project Path="src/AI.Client.Mcp.BuiltIn/AI.Client.Mcp.BuiltIn.csproj" />
    <Project Path="src/AI.Client.Server/AI.Client.Server.csproj" />
    <Project Path="src/AI.Client.Web/AI.Client.Web.csproj" />
  </Folder>
  <Folder Name="/tests/">
    <Project Path="tests/AI.Client.Server.Tests/AI.Client.Server.Tests.csproj" />
    <Project Path="tests/AI.Client.Web.Tests/AI.Client.Web.Tests.csproj" />
  </Folder>
</Solution>
